
Microsoft Visual Studio Solution File, Format Version 12.00
# Visual Studio Version 16
VisualStudioVersion = 16.0.31105.61
MinimumVisualStudioVersion = 10.0.40219.1
Project("{FAE04EC0-301F-11D3-BF4B-00C04F79EFBC}") = "DemoAESGCMNetFramework", "DemoAESGCMNetFramework\DemoAESGCMNetFramework.csproj", "{04CC0546-D099-4D4B-B7E0-81915A7E1B86}"
EndProject
Global
	GlobalSection(SolutionConfigurationPlatforms) = preSolution
		Debug|Any CPU = Debug|Any CPU
		Release|Any CPU = Release|Any CPU
	EndGlobalSection
	GlobalSection(ProjectConfigurationPlatforms) = postSolution
		{04CC0546-D099-4D4B-B7E0-81915A7E1B86}.Debug|Any CPU.ActiveCfg = Debug|Any CPU
		{04CC0546-D099-4D4B-B7E0-81915A7E1B86}.Debug|Any CPU.Build.0 = Debug|Any CPU
		{04CC0546-D099-4D4B-B7E0-81915A7E1B86}.Release|Any CPU.ActiveCfg = Release|Any CPU
		{04CC0546-D099-4D4B-B7E0-81915A7E1B86}.Release|Any CPU.Build.0 = Release|Any CPU
	EndGlobalSection
	GlobalSection(SolutionProperties) = preSolution
		HideSolutionNode = FALSE
	EndGlobalSection
	GlobalSection(ExtensibilityGlobals) = postSolution
		SolutionGuid = {57F89E11-1F54-4947-9C6E-357BE186CB9F}
	EndGlobalSection
EndGlobal
